// !$*UTF8*$!
{
	archiveVersion = 1;
	classes = {
	};
	objectVersion = 46;
	objects = {

/* Begin PBXBuildFile section */
		7EBC64011B54CB3C0046CCDB /* AppDelegate.swift in Sources */ = {isa = PBXBuildFile; fileRef = 7EBC64001B54CB3C0046CCDB /* AppDelegate.swift */; };
		7EBC64031B54CB3C0046CCDB /* ViewController.swift in Sources */ = {isa = PBXBuildFile; fileRef = 7EBC64021B54CB3C0046CCDB /* ViewController.swift */; };
		7EBC64061B54CB3C0046CCDB /* Main.storyboard in Resources */ = {isa = PBXBuildFile; fileRef = 7EBC64041B54CB3C0046CCDB /* Main.storyboard */; };
		7EBC64081B54CB3C0046CCDB /* Images.xcassets in Resources */ = {isa = PBXBuildFile; fileRef = 7EBC64071B54CB3C0046CCDB /* Images.xcassets */; };
		7EBC640B1B54CB3C0046CCDB /* LaunchScreen.xib in Resources */ = {isa = PBXBuildFile; fileRef = 7EBC64091B54CB3C0046CCDB /* LaunchScreen.xib */; };
		7EBC64171B54CB3C0046CCDB /* PostcardTests.swift in Sources */ = {isa = PBXBuildFile; fileRef = 7EBC64161B54CB3C0046CCDB /* PostcardTests.swift */; };
		7EBC64211B54E3820046CCDB /* SagradaFamilia.jpeg in Resources */ = {isa = PBXBuildFile; fileRef = 7EBC64201B54E3820046CCDB /* SagradaFamilia.jpeg */; };
		7EDE75381B56C9D700C266D3 /* AlbertEinsteinStamp.jpg in Resources */ = {isa = PBXBuildFile; fileRef = 7EDE75371B56C9D700C266D3 /* AlbertEinsteinStamp.jpg */; };
/* End PBXBuildFile section */

/* Begin PBXContainerItemProxy section */
		7EBC64111B54CB3C0046CCDB /* PBXContainerItemProxy */ = {
			isa = PBXContainerItemProxy;
			containerPortal = 7EBC63F31B54CB3C0046CCDB /* Project object */;
			proxyType = 1;
			remoteGlobalIDString = 7EBC63FA1B54CB3C0046CCDB;
			remoteInfo = Postcard;
		};
/* End PBXContainerItemProxy section */

/* Begin PBXFileReference section */
		7EBC63FB1B54CB3C0046CCDB /* Postcard.app */ = {isa = PBXFileReference; explicitFileType = wrapper.application; includeInIndex = 0; path = Postcard.app; sourceTree = BUILT_PRODUCTS_DIR; };
		7EBC63FF1B54CB3C0046CCDB /* Info.plist */ = {isa = PBXFileReference; lastKnownFileType = text.plist.xml; path = Info.plist; sourceTree = "<group>"; };
		7EBC64001B54CB3C0046CCDB /* AppDelegate.swift */ = {isa = PBXFileReference; lastKnownFileType = sourcecode.swift; path = AppDelegate.swift; sourceTree = "<group>"; };
		7EBC64021B54CB3C0046CCDB /* ViewController.swift */ = {isa = PBXFileReference; lastKnownFileType = sourcecode.swift; path = ViewController.swift; sourceTree = "<group>"; };
		7EBC64051B54CB3C0046CCDB /* Base */ = {isa = PBXFileReference; lastKnownFileType = file.storyboard; name = Base; path = Base.lproj/Main.storyboard; sourceTree = "<group>"; };
		7EBC64071B54CB3C0046CCDB /* Images.xcassets */ = {isa = PBXFileReference; lastKnownFileType = folder.assetcatalog; path = Images.xcassets; sourceTree = "<group>"; };
		7EBC640A1B54CB3C0046CCDB /* Base */ = {isa = PBXFileReference; lastKnownFileType = file.xib; name = Base; path = Base.lproj/LaunchScreen.xib; sourceTree = "<group>"; };
		7EBC64101B54CB3C0046CCDB /* PostcardTests.xctest */ = {isa = PBXFileReference; explicitFileType = wrapper.cfbundle; includeInIndex = 0; path = PostcardTests.xctest; sourceTree = BUILT_PRODUCTS_DIR; };
		7EBC64151B54CB3C0046CCDB /* Info.plist */ = {isa = PBXFileReference; lastKnownFileType = text.plist.xml; path = Info.plist; sourceTree = "<group>"; };
		7EBC64161B54CB3C0046CCDB /* PostcardTests.swift */ = {isa = PBXFileReference; lastKnownFileType = sourcecode.swift; path = PostcardTests.swift; sourceTree = "<group>"; };
		7EBC64201B54E3820046CCDB /* SagradaFamilia.jpeg */ = {isa = PBXFileReference; lastKnownFileType = image.jpeg; path = SagradaFamilia.jpeg; sourceTree = "<group>"; };
		7EDE75371B56C9D700C266D3 /* AlbertEinsteinStamp.jpg */ = {isa = PBXFileReference; lastKnownFileType = image.jpeg; path = AlbertEinsteinStamp.jpg; sourceTree = "<group>"; };
/* End PBXFileReference section */

/* Begin PBXFrameworksBuildPhase section */
		7EBC63F81B54CB3C0046CCDB /* Frameworks */ = {
			isa = PBXFrameworksBuildPhase;
			buildActionMask = 2147483647;
			files = (
			);
			runOnlyForDeploymentPostprocessing = 0;
		};
		7EBC640D1B54CB3C0046CCDB /* Frameworks */ = {
			isa = PBXFrameworksBuildPhase;
			buildActionMask = 2147483647;
			files = (
			);
			runOnlyForDeploymentPostprocessing = 0;
		};
/* End PBXFrameworksBuildPhase section */

/* Begin PBXGroup section */
		7EBC63F21B54CB3C0046CCDB = {
			isa = PBXGroup;
			children = (
				7EBC63FD1B54CB3C0046CCDB /* Postcard */,
				7EBC64131B54CB3C0046CCDB /* PostcardTests */,
				7EBC63FC1B54CB3C0046CCDB /* Products */,
			);
			sourceTree = "<group>";
		};
		7EBC63FC1B54CB3C0046CCDB /* Products */ = {
			isa = PBXGroup;
			children = (
				7EBC63FB1B54CB3C0046CCDB /* Postcard.app */,
				7EBC64101B54CB3C0046CCDB /* PostcardTests.xctest */,
			);
			name = Products;
			sourceTree = "<group>";
		};
		7EBC63FD1B54CB3C0046CCDB /* Postcard */ = {
			isa = PBXGroup;
			children = (
				7EBC64001B54CB3C0046CCDB /* AppDelegate.swift */,
				7EBC64021B54CB3C0046CCDB /* ViewController.swift */,
				7EBC64041B54CB3C0046CCDB /* Main.storyboard */,
				7EBC64071B54CB3C0046CCDB /* Images.xcassets */,
				7EBC64091B54CB3C0046CCDB /* LaunchScreen.xib */,
				7EBC63FE1B54CB3C0046CCDB /* Supporting Files */,
			);
			path = Postcard;
			sourceTree = "<group>";
		};
		7EBC63FE1B54CB3C0046CCDB /* Supporting Files */ = {
			isa = PBXGroup;
			children = (
				7EBC64201B54E3820046CCDB /* SagradaFamilia.jpeg */,
				7EDE75371B56C9D700C266D3 /* AlbertEinsteinStamp.jpg */,
				7EBC63FF1B54CB3C0046CCDB /* Info.plist */,
			);
			name = "Supporting Files";
			sourceTree = "<group>";
		};
		7EBC64131B54CB3C0046CCDB /* PostcardTests */ = {
			isa = PBXGroup;
			children = (
				7EBC64161B54CB3C0046CCDB /* PostcardTests.swift */,
				7EBC64141B54CB3C0046CCDB /* Supporting Files */,
			);
			path = PostcardTests;
			sourceTree = "<group>";
		};
		7EBC64141B54CB3C0046CCDB /* Supporting Files */ = {
			isa = PBXGroup;
			children = (
				7EBC64151B54CB3C0046CCDB /* Info.plist */,
			);
			name = "Supporting Files";
			sourceTree = "<group>";
		};
/* End PBXGroup section */

/* Begin PBXNativeTarget section */
		7EBC63FA1B54CB3C0046CCDB /* Postcard */ = {
			isa = PBXNativeTarget;
			buildConfigurationList = 7EBC641A1B54CB3C0046CCDB /* Build configuration list for PBXNativeTarget "Postcard" */;
			buildPhases = (
				7EBC63F71B54CB3C0046CCDB /* Sources */,
				7EBC63F81B54CB3C0046CCDB /* Frameworks */,
				7EBC63F91B54CB3C0046CCDB /* Resources */,
			);
			buildRules = (
			);
			dependencies = (
			);
			name = Postcard;
			productName = Postcard;
			productReference = 7EBC63FB1B54CB3C0046CCDB /* Postcard.app */;
			productType = "com.apple.product-type.application";
		};
		7EBC640F1B54CB3C0046CCDB /* PostcardTests */ = {
			isa = PBXNativeTarget;
			buildConfigurationList = 7EBC641D1B54CB3C0046CCDB /* Build configuration list for PBXNativeTarget "PostcardTests" */;
			buildPhases = (
				7EBC640C1B54CB3C0046CCDB /* Sources */,
				7EBC640D1B54CB3C0046CCDB /* Frameworks */,
				7EBC640E1B54CB3C0046CCDB /* Resources */,
			);
			buildRules = (
			);
			dependencies = (
				7EBC64121B54CB3C0046CCDB /* PBXTargetDependency */,
			);
			name = PostcardTests;
			productName = PostcardTests;
			productReference = 7EBC64101B54CB3C0046CCDB /* PostcardTests.xctest */;
			productType = "com.apple.product-type.bundle.unit-test";
		};
/* End PBXNativeTarget section */

/* Begin PBXProject section */
		7EBC63F31B54CB3C0046CCDB /* Project object */ = {
			isa = PBXProject;
			attributes = {
				LastUpgradeCheck = 0640;
				ORGANIZATIONNAME = "Samuel Pun";
				TargetAttributes = {
					7EBC63FA1B54CB3C0046CCDB = {
						CreatedOnToolsVersion = 6.4;
						DevelopmentTeam = LGA958JWTK;
					};
					7EBC640F1B54CB3C0046CCDB = {
						CreatedOnToolsVersion = 6.4;
						TestTargetID = 7EBC63FA1B54CB3C0046CCDB;
					};
				};
			};
			buildConfigurationList = 7EBC63F61B54CB3C0046CCDB /* Build configuration list for PBXProject "Postcard" */;
			compatibilityVersion = "Xcode 3.2";
			developmentRegion = English;
			hasScannedForEncodings = 0;
			knownRegions = (
				en,
				Base,
			);
			mainGroup = 7EBC63F21B54CB3C0046CCDB;
			productRefGroup = 7EBC63FC1B54CB3C0046CCDB /* Products */;
			projectDirPath = "";
			projectRoot = "";
			targets = (
				7EBC63FA1B54CB3C0046CCDB /* Postcard */,
				7EBC640F1B54CB3C0046CCDB /* PostcardTests */,
			);
		};
/* End PBXProject section */

/* Begin PBXResourcesBuildPhase section */
		7EBC63F91B54CB3C0046CCDB /* Resources */ = {
			isa = PBXResourcesBuildPhase;
			buildActionMask = 2147483647;
			files = (
				7EBC64061B54CB3C0046CCDB /* Main.storyboard in Resources */,
				7EBC64211B54E3820046CCDB /* SagradaFamilia.jpeg in Resources */,
				7EDE75381B56C9D700C266D3 /* AlbertEinsteinStamp.jpg in Resources */,
				7EBC640B1B54CB3C0046CCDB /* LaunchScreen.xib in Resources */,
				7EBC64081B54CB3C0046CCDB /* Images.xcassets in Resources */,
			);
			runOnlyForDeploymentPostprocessing = 0;
		};
		7EBC640E1B54CB3C0046CCDB /* Resources */ = {
			isa = PBXResourcesBuildPhase;
			buildActionMask = 2147483647;
			files = (
			);
			runOnlyForDeploymentPostprocessing = 0;
		};
/* End PBXResourcesBuildPhase section */

/* Begin PBXSourcesBuildPhase section */
		7EBC63F71B54CB3C0046CCDB /* Sources */ = {
			isa = PBXSourcesBuildPhase;
			buildActionMask = 2147483647;
			files = (
				7EBC64031B54CB3C0046CCDB /* ViewController.swift in Sources */,
				7EBC64011B54CB3C0046CCDB /* AppDelegate.swift in Sources */,
			);
			runOnlyForDeploymentPostprocessing = 0;
		};
		7EBC640C1B54CB3C0046CCDB /* Sources */ = {
			isa = PBXSourcesBuildPhase;
			buildActionMask = 2147483647;
			files = (
				7EBC64171B54CB3C0046CCDB /* PostcardTests.swift in Sources */,
			);
			runOnlyForDeploymentPostprocessing = 0;
		};
/* End PBXSourcesBuildPhase section */

/* Begin PBXTargetDependency section */
		7EBC64121B54CB3C0046CCDB /* PBXTargetDependency */ = {
			isa = PBXTargetDependency;
			target = 7EBC63FA1B54CB3C0046CCDB /* Postcard */;
			targetProxy = 7EBC64111B54CB3C0046CCDB /* PBXContainerItemProxy */;
		};
/* End PBXTargetDependency section */

/* Begin PBXVariantGroup section */
		7EBC64041B54CB3C0046CCDB /* Main.storyboard */ = {
			isa = PBXVariantGroup;
			children = (
				7EBC64051B54CB3C0046CCDB /* Base */,
			);
			name = Main.storyboard;
			sourceTree = "<group>";
		};
		7EBC64091B54CB3C0046CCDB /* LaunchScreen.xib */ = {
			isa = PBXVariantGroup;
			children = (
				7EBC640A1B54CB3C0046CCDB /* Base */,
			);
			name = LaunchScreen.xib;
			sourceTree = "<group>";
		};
/* End PBXVariantGroup section */

/* Begin XCBuildConfiguration section */
		7EBC64181B54CB3C0046CCDB /* Debug */ = {
			isa = XCBuildConfiguration;
			buildSettings = {
				ALWAYS_SEARCH_USER_PATHS = NO;
				CLANG_CXX_LANGUAGE_STANDARD = "gnu++0x";
				CLANG_CXX_LIBRARY = "libc++";
				CLANG_ENABLE_MODULES = YES;
				CLANG_ENABLE_OBJC_ARC = YES;
				CLANG_WARN_BOOL_CONVERSION = YES;
				CLANG_WARN_CONSTANT_CONVERSION = YES;
				CLANG_WARN_DIRECT_OBJC_ISA_USAGE = YES_ERROR;
				CLANG_WARN_EMPTY_BODY = YES;
				CLANG_WARN_ENUM_CONVERSION = YES;
				CLANG_WARN_INT_CONVERSION = YES;
				CLANG_WARN_OBJC_ROOT_CLASS = YES_ERROR;
				CLANG_WARN_UNREACHABLE_CODE = YES;
				CLANG_WARN__DUPLICATE_METHOD_MATCH = YES;
				"CODE_SIGN_IDENTITY[sdk=iphoneos*]" = "iPhone Developer";
				COPY_PHASE_STRIP = NO;
				DEBUG_INFORMATION_FORMAT = "dwarf-with-dsym";
				ENABLE_STRICT_OBJC_MSGSEND = YES;
				GCC_C_LANGUAGE_STANDARD = gnu99;
				GCC_DYNAMIC_NO_PIC = NO;
				GCC_NO_COMMON_BLOCKS = YES;
				GCC_OPTIMIZATION_LEVEL = 0;
				GCC_PREPROCESSOR_DEFINITIONS = (
					"DEBUG=1",
					"$(inherited)",
				);
				GCC_SYMBOLS_PRIVATE_EXTERN = NO;
				GCC_WARN_64_TO_32_BIT_CONVERSION = YES;
				GCC_WARN_ABOUT_RETURN_TYPE = YES_ERROR;
				GCC_WARN_UNDECLARED_SELECTOR = YES;
				GCC_WARN_UNINITIALIZED_AUTOS = YES_AGGRESSIVE;
				GCC_WARN_UNUSED_FUNCTION = YES;
				GCC_WARN_UNUSED_VARIABLE = YES;
				IPHONEOS_DEPLOYMENT_TARGET = 8.4;
				MTL_ENABLE_DEBUG_INFO = YES;
				ONLY_ACTIVE_ARCH = YES;
				SDKROOT = iphoneos;
				SWIFT_OPTIMIZATION_LEVEL = "-Onone";
				TARGETED_DEVICE_FAMILY = "1,2";
			};
			name = Debug;
		};
		7EBC64191B54CB3C0046CCDB /* Release */ = {
			isa = XCBuildConfiguration;
			buildSettings = {
				ALWAYS_SEARCH_USER_PATHS = NO;
				CLANG_CXX_LANGUAGE_STANDARD = "gnu++0x";
				CLANG_CXX_LIBRARY = "libc++";
				CLANG_ENABLE_MODULES = YES;
				CLANG_ENABLE_OBJC_ARC = YES;
				CLANG_WARN_BOOL_CONVERSION = YES;
				CLANG_WARN_CONSTANT_CONVERSION = YES;
				CLANG_WARN_DIRECT_OBJC_ISA_USAGE = YES_ERROR;
				CLANG_WARN_EMPTY_BODY = YES;
				CLANG_WARN_ENUM_CONVERSION = YES;
				CLANG_WARN_INT_CONVERSION = YES;
				CLANG_WARN_OBJC_ROOT_CLASS = YES_ERROR;
				CLANG_WARN_UNREACHABLE_CODE = YES;
				CLANG_WARN__DUPLICATE_METHOD_MATCH = YES;
				"CODE_SIGN_IDENTITY[sdk=iphoneos*]" = "iPhone Developer";
				COPY_PHASE_STRIP = NO;
				DEBUG_INFORMATION_FORMAT = "dwarf-with-dsym";
				ENABLE_NS_ASSERTIONS = NO;
				ENABLE_STRICT_OBJC_MSGSEND = YES;
				GCC_C_LANGUAGE_STANDARD = gnu99;
				GCC_NO_COMMON_BLOCKS = YES;
				GCC_WARN_64_TO_32_BIT_CONVERSION = YES;
				GCC_WARN_ABOUT_RETURN_TYPE = YES_ERROR;
				GCC_WARN_UNDECLARED_SELECTOR = YES;
				GCC_WARN_UNINITIALIZED_AUTOS = YES_AGGRESSIVE;
				GCC_WARN_UNUSED_FUNCTION = YES;
				GCC_WARN_UNUSED_VARIABLE = YES;
				IPHONEOS_DEPLOYMENT_TARGET = 8.4;
				MTL_ENABLE_DEBUG_INFO = NO;
				SDKROOT = iphoneos;
				TARGETED_DEVICE_FAMILY = "1,2";
				VALIDATE_PRODUCT = YES;
			};
			name = Release;
		};
		7EBC641B1B54CB3C0046CCDB /* Debug */ = {
			isa = XCBuildConfiguration;
			buildSettings = {
				ASSETCATALOG_COMPILER_APPICON_NAME = AppIcon;
				CODE_SIGN_IDENTITY = "iPhone Developer";
				"CODE_SIGN_IDENTITY[sdk=iphoneos*]" = "iPhone Developer";
				INFOPLIST_FILE = Postcard/Info.plist;
				LD_RUNPATH_SEARCH_PATHS = "$(inherited) @executable_path/Frameworks";
				PRODUCT_NAME = "$(TARGET_NAME)";
				PROVISIONING_PROFILE = "";
			};
			name = Debug;
		};
		7EBC641C1B54CB3C0046CCDB /* Release */ = {
			isa = XCBuildConfiguration;
			buildSettings = {
				ASSETCATALOG_COMPILER_APPICON_NAME = AppIcon;
				CODE_SIGN_IDENTITY = "iPhone Developer";
				"CODE_SIGN_IDENTITY[sdk=iphoneos*]" = "iPhone Developer";
				INFOPLIST_FILE = Postcard/Info.plist;
				LD_RUNPATH_SEARCH_PATHS = "$(inherited) @executable_path/Frameworks";
				PRODUCT_NAME = "$(TARGET_NAME)";
				PROVISIONING_PROFILE = "";
			};
			name = Release;
		};
		7EBC641E1B54CB3C0046CCDB /* Debug */ = {
			isa = XCBuildConfiguration;
			buildSettings = {
				BUNDLE_LOADER = "$(TEST_HOST)";
				FRAMEWORK_SEARCH_PATHS = (
					"$(SDKROOT)/Developer/Library/Frameworks",
					"$(inherited)",
				);
				GCC_PREPROCESSOR_DEFINITIONS = (
					"DEBUG=1",
					"$(inherited)",
				);
				INFOPLIST_FILE = PostcardTests/Info.plist;
				LD_RUNPATH_SEARCH_PATHS = "$(inherited) @executable_path/Frameworks @loader_path/Frameworks";
				PRODUCT_NAME = "$(TARGET_NAME)";
				TEST_HOST = "$(BUILT_PRODUCTS_DIR)/Postcard.app/Postcard";
			};
			name = Debug;
		};
		7EBC641F1B54CB3C0046CCDB /* Release */ = {
			isa = XCBuildConfiguration;
			buildSettings = {
				BUNDLE_LOADER = "$(TEST_HOST)";
				FRAMEWORK_SEARCH_PATHS = (
					"$(SDKROOT)/Developer/Library/Frameworks",
					"$(inherited)",
				);
				INFOPLIST_FILE = PostcardTests/Info.plist;
				LD_RUNPATH_SEARCH_PATHS = "$(inherited) @executable_path/Frameworks @loader_path/Frameworks";
				PRODUCT_NAME = "$(TARGET_NAME)";
				TEST_HOST = "$(BUILT_PRODUCTS_DIR)/Postcard.app/Postcard";
			};
			name = Release;
		};
/* End XCBuildConfiguration section */

/* Begin XCConfigurationList section */
		7EBC63F61B54CB3C0046CCDB /* Build configuration list for PBXProject "Postcard" */ = {
			isa = XCConfigurationList;
			buildConfigurations = (
				7EBC64181B54CB3C0046CCDB /* Debug */,
				7EBC64191B54CB3C0046CCDB /* Release */,
			);
			defaultConfigurationIsVisible = 0;
			defaultConfigurationName = Release;
		};
		7EBC641A1B54CB3C0046CCDB /* Build configuration list for PBXNativeTarget "Postcard" */ = {
			isa = XCConfigurationList;
			buildConfigurations = (
				7EBC641B1B54CB3C0046CCDB /* Debug */,
				7EBC641C1B54CB3C0046CCDB /* Release */,
			);
			defaultConfigurationIsVisible = 0;
			defaultConfigurationName = Release;
		};
		7EBC641D1B54CB3C0046CCDB /* Build configuration list for PBXNativeTarget "PostcardTests" */ = {
			isa = XCConfigurationList;
			buildConfigurations = (
				7EBC641E1B54CB3C0046CCDB /* Debug */,
				7EBC641F1B54CB3C0046CCDB /* Release */,
			);
			defaultConfigurationIsVisible = 0;
			defaultConfigurationName = Release;
		};
/* End XCConfigurationList section */
	};
	rootObject = 7EBC63F31B54CB3C0046CCDB /* Project object */;
}
